PODS:
  - ATSDK (1.3.2.15):
    - FBRetainCycleDetector
  - FBRetainCycleDetector (1.0)

DEPENDENCIES:
  - ATSDK (= 1.3.2.15)

SPEC CHECKSUMS:
  ATSDK: d2f5328f94f39746d6a092e6e7ee8fb17ba62eff
  FBRetainCycleDetector: a284d1a03ecaefc0b47997258f040952f68e3aa5

PODFILE CHECKSUM: f2df2932ba1215c1b5f967dd0866adaec2b88f52

COCOAPODS: 1.2.0
